{
  "version": 4,
  "terraform_version": "1.0.3",
  "serial": 110,
  "lineage": "760e6ad3-fa14-d274-3f09-9fcbcc85dffd",
  "outputs": {},
  "resources": [
    {
      "mode": "managed",
      "type": "aws_eip",
      "name": "elastic_ip",
      "provider": "provider[\"registry.terraform.io/hashicorp/aws\"]",
      "instances": [
        {
          "schema_version": 0,
          "attributes": {
            "address": null,
            "allocation_id": null,
            "associate_with_private_ip": null,
            "association_id": "eipassoc-064ac1d795a2f01d6",
            "carrier_ip": "",
            "customer_owned_ip": "",
            "customer_owned_ipv4_pool": "",
            "domain": "vpc",
            "id": "eipalloc-0488f57eb5e66eb9c",
            "instance": "",
            "network_border_group": "us-east-1",
            "network_interface": "eni-057c0feae87d09f98",
            "private_dns": "ip-10-0-0-98.ec2.internal",
            "private_ip": "10.0.0.98",
            "public_dns": "ec2-3-85-150-92.compute-1.amazonaws.com",
            "public_ip": "3.85.150.92",
            "public_ipv4_pool": "amazon",
            "tags": {},
            "tags_all": {},
            "timeouts": null,
            "vpc": true
          },
          "sensitive_attributes": [],
          "private": "eyJlMmJmYjczMC1lY2FhLTExZTYtOGY4OC0zNDM2M2JjN2M0YzAiOnsiZGVsZXRlIjoxODAwMDAwMDAwMDAsInJlYWQiOjkwMDAwMDAwMDAwMCwidXBkYXRlIjozMDAwMDAwMDAwMDB9fQ=="
        }
      ]
    },
    {
      "mode": "managed",
      "type": "aws_instance",
      "name": "bastion_host",
      "provider": "provider[\"registry.terraform.io/hashicorp/aws\"]",
      "instances": [
        {
          "schema_version": 1,
          "attributes": {
            "ami": "ami-0c2b8ca1dad447f8a",
            "arn": "arn:aws:ec2:us-east-1:112088004812:instance/i-0abb4e30326767004",
            "associate_public_ip_address": true,
            "availability_zone": "us-east-1b",
            "capacity_reservation_specification": [
              {
                "capacity_reservation_preference": "open",
                "capacity_reservation_target": []
              }
            ],
            "cpu_core_count": 1,
            "cpu_threads_per_core": 1,
            "credit_specification": [
              {
                "cpu_credits": "standard"
              }
            ],
            "disable_api_termination": false,
            "ebs_block_device": [],
            "ebs_optimized": false,
            "enclave_options": [
              {
                "enabled": false
              }
            ],
            "ephemeral_block_device": [],
            "get_password_data": false,
            "hibernation": false,
            "host_id": null,
            "iam_instance_profile": "",
            "id": "i-0abb4e30326767004",
            "instance_initiated_shutdown_behavior": "stop",
            "instance_state": "running",
            "instance_type": "t2.micro",
            "ipv6_address_count": 0,
            "ipv6_addresses": [],
            "key_name": "ec2Key",
            "launch_template": [],
            "metadata_options": [
              {
                "http_endpoint": "enabled",
                "http_put_response_hop_limit": 1,
                "http_tokens": "optional"
              }
            ],
            "monitoring": false,
            "network_interface": [],
            "outpost_arn": "",
            "password_data": "",
            "placement_group": "",
            "primary_network_interface_id": "eni-0be7e4af50029d73a",
            "private_dns": "ip-10-0-0-181.ec2.internal",
            "private_ip": "10.0.0.181",
            "public_dns": "ec2-3-235-43-144.compute-1.amazonaws.com",
            "public_ip": "3.235.43.144",
            "root_block_device": [
              {
                "delete_on_termination": true,
                "device_name": "/dev/xvda",
                "encrypted": false,
                "iops": 100,
                "kms_key_id": "",
                "tags": {},
                "throughput": 0,
                "volume_id": "vol-04965186fa40ed898",
                "volume_size": 8,
                "volume_type": "gp2"
              }
            ],
            "secondary_private_ips": [],
            "security_groups": [],
            "source_dest_check": true,
            "subnet_id": "subnet-029a367b65cc77e83",
            "tags": {
              "Name": "bastion host"
            },
            "tags_all": {
              "Name": "bastion host"
            },
            "tenancy": "default",
            "timeouts": null,
            "user_data": null,
            "user_data_base64": null,
            "volume_tags": null,
            "vpc_security_group_ids": [
              "sg-03c0e0e62f0923c02"
            ]
          },
          "sensitive_attributes": [],
          "private": "eyJlMmJmYjczMC1lY2FhLTExZTYtOGY4OC0zNDM2M2JjN2M0YzAiOnsiY3JlYXRlIjo2MDAwMDAwMDAwMDAsImRlbGV0ZSI6MTIwMDAwMDAwMDAwMCwidXBkYXRlIjo2MDAwMDAwMDAwMDB9LCJzY2hlbWFfdmVyc2lvbiI6IjEifQ==",
          "dependencies": [
            "aws_security_group.sg_bastion_host",
            "aws_subnet.public_subnet",
            "aws_vpc.vpc"
          ]
        }
      ]
    },
    {
      "mode": "managed",
      "type": "aws_instance",
      "name": "mysql",
      "provider": "provider[\"registry.terraform.io/hashicorp/aws\"]",
      "instances": [
        {
          "schema_version": 1,
          "attributes": {
            "ami": "ami-0c2b8ca1dad447f8a",
            "arn": "arn:aws:ec2:us-east-1:112088004812:instance/i-09bc7862fb2de7c92",
            "associate_public_ip_address": false,
            "availability_zone": "us-east-1c",
            "capacity_reservation_specification": [
              {
                "capacity_reservation_preference": "open",
                "capacity_reservation_target": []
              }
            ],
            "cpu_core_count": 1,
            "cpu_threads_per_core": 1,
            "credit_specification": [
              {
                "cpu_credits": "standard"
              }
            ],
            "disable_api_termination": false,
            "ebs_block_device": [],
            "ebs_optimized": false,
            "enclave_options": [
              {
                "enabled": false
              }
            ],
            "ephemeral_block_device": [],
            "get_password_data": false,
            "hibernation": false,
            "host_id": null,
            "iam_instance_profile": "",
            "id": "i-09bc7862fb2de7c92",
            "instance_initiated_shutdown_behavior": "stop",
            "instance_state": "running",
            "instance_type": "t2.micro",
            "ipv6_address_count": 0,
            "ipv6_addresses": [],
            "key_name": "ec2Key",
            "launch_template": [],
            "metadata_options": [
              {
                "http_endpoint": "enabled",
                "http_put_response_hop_limit": 1,
                "http_tokens": "optional"
              }
            ],
            "monitoring": false,
            "network_interface": [],
            "outpost_arn": "",
            "password_data": "",
            "placement_group": "",
            "primary_network_interface_id": "eni-04bb2b407a2f99309",
            "private_dns": "ip-10-0-1-103.ec2.internal",
            "private_ip": "10.0.1.103",
            "public_dns": "",
            "public_ip": "",
            "root_block_device": [
              {
                "delete_on_termination": true,
                "device_name": "/dev/xvda",
                "encrypted": false,
                "iops": 100,
                "kms_key_id": "",
                "tags": {},
                "throughput": 0,
                "volume_id": "vol-0f7599cd640c0eb7c",
                "volume_size": 8,
                "volume_type": "gp2"
              }
            ],
            "secondary_private_ips": [],
            "security_groups": [],
            "source_dest_check": true,
            "subnet_id": "subnet-0a6b32ee8fa656e8e",
            "tags": {
              "Name": "mysql-instance"
            },
            "tags_all": {
              "Name": "mysql-instance"
            },
            "tenancy": "default",
            "timeouts": null,
            "user_data": "b62e72dc73e0041de0f64df815aab33781ede3db",
            "user_data_base64": null,
            "volume_tags": null,
            "vpc_security_group_ids": [
              "sg-0b255623ea110b194"
            ]
          },
          "sensitive_attributes": [],
          "private": "eyJlMmJmYjczMC1lY2FhLTExZTYtOGY4OC0zNDM2M2JjN2M0YzAiOnsiY3JlYXRlIjo2MDAwMDAwMDAwMDAsImRlbGV0ZSI6MTIwMDAwMDAwMDAwMCwidXBkYXRlIjo2MDAwMDAwMDAwMDB9LCJzY2hlbWFfdmVyc2lvbiI6IjEifQ==",
          "dependencies": [
            "aws_route_table_association.associate_routetable_to_private_subnet",
            "aws_security_group.sg_bastion_host",
            "aws_subnet.private_subnet",
            "aws_subnet.public_subnet",
            "aws_eip.elastic_ip",
            "aws_route_table.NAT_route_table",
            "aws_security_group.sg_mysql",
            "aws_security_group.sg_webserver",
            "aws_vpc.vpc",
            "aws_nat_gateway.nat_gateway"
          ]
        }
      ]
    },
    {
      "mode": "managed",
      "type": "aws_instance",
      "name": "wordpress",
      "provider": "provider[\"registry.terraform.io/hashicorp/aws\"]",
      "instances": [
        {
          "schema_version": 1,
          "attributes": {
            "ami": "ami-0c2b8ca1dad447f8a",
            "arn": "arn:aws:ec2:us-east-1:112088004812:instance/i-05fcb2742a3eeb06f",
            "associate_public_ip_address": true,
            "availability_zone": "us-east-1b",
            "capacity_reservation_specification": [
              {
                "capacity_reservation_preference": "open",
                "capacity_reservation_target": []
              }
            ],
            "cpu_core_count": 1,
            "cpu_threads_per_core": 1,
            "credit_specification": [
              {
                "cpu_credits": "standard"
              }
            ],
            "disable_api_termination": false,
            "ebs_block_device": [],
            "ebs_optimized": false,
            "enclave_options": [
              {
                "enabled": false
              }
            ],
            "ephemeral_block_device": [],
            "get_password_data": false,
            "hibernation": false,
            "host_id": null,
            "iam_instance_profile": "",
            "id": "i-05fcb2742a3eeb06f",
            "instance_initiated_shutdown_behavior": "stop",
            "instance_state": "running",
            "instance_type": "t2.micro",
            "ipv6_address_count": 0,
            "ipv6_addresses": [],
            "key_name": "ec2Key",
            "launch_template": [],
            "metadata_options": [
              {
                "http_endpoint": "enabled",
                "http_put_response_hop_limit": 1,
                "http_tokens": "optional"
              }
            ],
            "monitoring": false,
            "network_interface": [],
            "outpost_arn": "",
            "password_data": "",
            "placement_group": "",
            "primary_network_interface_id": "eni-02bb41ecb20c779e8",
            "private_dns": "ip-10-0-0-26.ec2.internal",
            "private_ip": "10.0.0.26",
            "public_dns": "ec2-3-237-173-225.compute-1.amazonaws.com",
            "public_ip": "3.237.173.225",
            "root_block_device": [
              {
                "delete_on_termination": true,
                "device_name": "/dev/xvda",
                "encrypted": false,
                "iops": 100,
                "kms_key_id": "",
                "tags": {},
                "throughput": 0,
                "volume_id": "vol-01c60cde6e0305a23",
                "volume_size": 8,
                "volume_type": "gp2"
              }
            ],
            "secondary_private_ips": [],
            "security_groups": [],
            "source_dest_check": true,
            "subnet_id": "subnet-029a367b65cc77e83",
            "tags": {
              "Name": "webserver"
            },
            "tags_all": {
              "Name": "webserver"
            },
            "tenancy": "default",
            "timeouts": null,
            "user_data": "3a91d1669fbc13585c137a4aaa549f80722dd6c0",
            "user_data_base64": null,
            "volume_tags": null,
            "vpc_security_group_ids": [
              "sg-000ae86d17033f9fe"
            ]
          },
          "sensitive_attributes": [],
          "private": "eyJlMmJmYjczMC1lY2FhLTExZTYtOGY4OC0zNDM2M2JjN2M0YzAiOnsiY3JlYXRlIjo2MDAwMDAwMDAwMDAsImRlbGV0ZSI6MTIwMDAwMDAwMDAwMCwidXBkYXRlIjo2MDAwMDAwMDAwMDB9LCJzY2hlbWFfdmVyc2lvbiI6IjEifQ==",
          "dependencies": [
            "aws_eip.elastic_ip",
            "aws_nat_gateway.nat_gateway",
            "aws_security_group.sg_mysql",
            "aws_subnet.private_subnet",
            "aws_security_group.sg_webserver",
            "aws_subnet.public_subnet",
            "aws_vpc.vpc",
            "aws_instance.mysql",
            "aws_route_table.NAT_route_table",
            "aws_route_table_association.associate_routetable_to_private_subnet",
            "aws_security_group.sg_bastion_host"
          ]
        }
      ]
    },
    {
      "mode": "managed",
      "type": "aws_internet_gateway",
      "name": "internet_gateway",
      "provider": "provider[\"registry.terraform.io/hashicorp/aws\"]",
      "instances": [
        {
          "schema_version": 0,
          "attributes": {
            "arn": "arn:aws:ec2:us-east-1:112088004812:internet-gateway/igw-0d2c37d1bd0027b66",
            "id": "igw-0d2c37d1bd0027b66",
            "owner_id": "112088004812",
            "tags": {
              "Name": "internet-gateway"
            },
            "tags_all": {
              "Name": "internet-gateway"
            },
            "vpc_id": "vpc-0d63f451a47d8e78a"
          },
          "sensitive_attributes": [],
          "private": "bnVsbA==",
          "dependencies": [
            "aws_vpc.vpc"
          ]
        }
      ]
    },
    {
      "mode": "managed",
      "type": "aws_key_pair",
      "name": "key_pair",
      "provider": "provider[\"registry.terraform.io/hashicorp/aws\"]",
      "instances": [
        {
          "schema_version": 1,
          "attributes": {
            "arn": "arn:aws:ec2:us-east-1:112088004812:key-pair/ec2Key",
            "fingerprint": "c0:24:29:e0:04:61:02:80:72:b1:33:b4:b2:87:fa:14",
            "id": "ec2Key",
            "key_name": "ec2Key",
            "key_name_prefix": null,
            "key_pair_id": "key-0b9e35270eb513691",
            "public_key": "ssh-rsa AAAAB3NzaC1yc2EAAAADAQABAAACAQCyYDac4uFsy0R2+tQN4JtNbqTRYQL3BBmmP5rveR+GmNUevN5xY/8GVJikmlepHq9EFId1wlO3nzYufQLviVOHCp3yvRrofmrMhse1zYvnqEM/owEIIxMnXL22eQQkb3Y9HGd4mbSOWGjvI0h87WadLl6UNove2DxrnKyn7nZtmBdhybzOXpIRldWazKl56jAmnXuVa1drzHToAq1U9H5v42nYtFXJpcy2WhupwCMFtUOtqWzykaqzaJVYsTcbZvFzsw1Y9VEQY5GoK59Yi2cVi+DoR12sEEPPWJ+k8Nt9yJ5pouZAP0aBCzQWPrC76f4PneoFCwW8VGPua+OIKmUp5y0Cyn1oYtsiscVyR8coG5isHF+Gkg0f6oGqELutaC0o0dEnpnVjcw5Jin8DsbmkNfVYONvlHtCPC0HxzkGLq8n7CZrjn8YsvWsMiMfurs0pnXCjC22hiZpXjX/Gu9NEFpL9K6Vz5yM4pelMDR7Wa+SjSn9Lv/DPx5HIBmwE6sOkjWlSDpoMBn/PBpOz31dvB7abP4q+itKpOZfNrp+E4vZg5yHo9HEEJ7Uga0ErgAHRAzFb5erfrQ4yL/Uu0MK70e9A7IS21Sf9Ql9Txpp7FaOZFwX1XEK+dW6aNUjz4JHslGGNDnzWuTiGK5uIDVRIqrMPPqVlqKoSF6xsZvV12Q==",
            "tags": {},
            "tags_all": {}
          },
          "sensitive_attributes": [],
          "private": "eyJzY2hlbWFfdmVyc2lvbiI6IjEifQ==",
          "dependencies": [
            "tls_private_key.private_key"
          ]
        }
      ]
    },
    {
      "mode": "managed",
      "type": "aws_nat_gateway",
      "name": "nat_gateway",
      "provider": "provider[\"registry.terraform.io/hashicorp/aws\"]",
      "instances": [
        {
          "schema_version": 0,
          "attributes": {
            "allocation_id": "eipalloc-0488f57eb5e66eb9c",
            "connectivity_type": "public",
            "id": "nat-010d14c35cf809139",
            "network_interface_id": "eni-057c0feae87d09f98",
            "private_ip": "10.0.0.98",
            "public_ip": "3.85.150.92",
            "subnet_id": "subnet-029a367b65cc77e83",
            "tags": {
              "Name": "nat-gateway"
            },
            "tags_all": {
              "Name": "nat-gateway"
            }
          },
          "sensitive_attributes": [],
          "private": "bnVsbA==",
          "dependencies": [
            "aws_eip.elastic_ip",
            "aws_subnet.public_subnet",
            "aws_vpc.vpc"
          ]
        }
      ]
    },
    {
      "mode": "managed",
      "type": "aws_route_table",
      "name": "IG_route_table",
      "provider": "provider[\"registry.terraform.io/hashicorp/aws\"]",
      "instances": [
        {
          "schema_version": 0,
          "attributes": {
            "arn": "arn:aws:ec2:us-east-1:112088004812:route-table/rtb-0256c068aabd09c5d",
            "id": "rtb-0256c068aabd09c5d",
            "owner_id": "112088004812",
            "propagating_vgws": [],
            "route": [
              {
                "carrier_gateway_id": "",
                "cidr_block": "0.0.0.0/0",
                "destination_prefix_list_id": "",
                "egress_only_gateway_id": "",
                "gateway_id": "igw-0d2c37d1bd0027b66",
                "instance_id": "",
                "ipv6_cidr_block": "",
                "local_gateway_id": "",
                "nat_gateway_id": "",
                "network_interface_id": "",
                "transit_gateway_id": "",
                "vpc_endpoint_id": "",
                "vpc_peering_connection_id": ""
              }
            ],
            "tags": {
              "Name": "IG-route-table"
            },
            "tags_all": {
              "Name": "IG-route-table"
            },
            "vpc_id": "vpc-0d63f451a47d8e78a"
          },
          "sensitive_attributes": [],
          "private": "bnVsbA==",
          "dependencies": [
            "aws_internet_gateway.internet_gateway",
            "aws_vpc.vpc"
          ]
        }
      ]
    },
    {
      "mode": "managed",
      "type": "aws_route_table",
      "name": "NAT_route_table",
      "provider": "provider[\"registry.terraform.io/hashicorp/aws\"]",
      "instances": [
        {
          "schema_version": 0,
          "attributes": {
            "arn": "arn:aws:ec2:us-east-1:112088004812:route-table/rtb-001063751e05823dc",
            "id": "rtb-001063751e05823dc",
            "owner_id": "112088004812",
            "propagating_vgws": [],
            "route": [
              {
                "carrier_gateway_id": "",
                "cidr_block": "0.0.0.0/0",
                "destination_prefix_list_id": "",
                "egress_only_gateway_id": "",
                "gateway_id": "nat-010d14c35cf809139",
                "instance_id": "",
                "ipv6_cidr_block": "",
                "local_gateway_id": "",
                "nat_gateway_id": "",
                "network_interface_id": "",
                "transit_gateway_id": "",
                "vpc_endpoint_id": "",
                "vpc_peering_connection_id": ""
              }
            ],
            "tags": {
              "Name": "NAT-route-table"
            },
            "tags_all": {
              "Name": "NAT-route-table"
            },
            "vpc_id": "vpc-0d63f451a47d8e78a"
          },
          "sensitive_attributes": [],
          "private": "bnVsbA==",
          "dependencies": [
            "aws_nat_gateway.nat_gateway",
            "aws_vpc.vpc"
          ]
        }
      ]
    },
    {
      "mode": "managed",
      "type": "aws_route_table_association",
      "name": "associate_routetable_to_private_subnet",
      "provider": "provider[\"registry.terraform.io/hashicorp/aws\"]",
      "instances": [
        {
          "schema_version": 0,
          "attributes": {
            "gateway_id": "",
            "id": "rtbassoc-0025152590d4ee062",
            "route_table_id": "rtb-001063751e05823dc",
            "subnet_id": "subnet-0a6b32ee8fa656e8e"
          },
          "sensitive_attributes": [],
          "private": "bnVsbA==",
          "dependencies": [
            "aws_route_table.NAT_route_table",
            "aws_subnet.private_subnet",
            "aws_subnet.public_subnet",
            "aws_vpc.vpc",
            "aws_eip.elastic_ip",
            "aws_nat_gateway.nat_gateway"
          ]
        }
      ]
    },
    {
      "mode": "managed",
      "type": "aws_route_table_association",
      "name": "associate_routetable_to_public_subnet",
      "provider": "provider[\"registry.terraform.io/hashicorp/aws\"]",
      "instances": [
        {
          "schema_version": 0,
          "attributes": {
            "gateway_id": "",
            "id": "rtbassoc-03ab04ca5be345542",
            "route_table_id": "rtb-0256c068aabd09c5d",
            "subnet_id": "subnet-029a367b65cc77e83"
          },
          "sensitive_attributes": [],
          "private": "bnVsbA==",
          "dependencies": [
            "aws_subnet.public_subnet",
            "aws_vpc.vpc",
            "aws_internet_gateway.internet_gateway",
            "aws_route_table.IG_route_table"
          ]
        }
      ]
    },
    {
      "mode": "managed",
      "type": "aws_security_group",
      "name": "sg_bastion_host",
      "provider": "provider[\"registry.terraform.io/hashicorp/aws\"]",
      "instances": [
        {
          "schema_version": 1,
          "attributes": {
            "arn": "arn:aws:ec2:us-east-1:112088004812:security-group/sg-03c0e0e62f0923c02",
            "description": "bastion host security group",
            "egress": [
              {
                "cidr_blocks": [
                  "0.0.0.0/0"
                ],
                "description": "",
                "from_port": 0,
                "ipv6_cidr_blocks": [],
                "prefix_list_ids": [],
                "protocol": "-1",
                "security_groups": [],
                "self": false,
                "to_port": 0
              }
            ],
            "id": "sg-03c0e0e62f0923c02",
            "ingress": [
              {
                "cidr_blocks": [
                  "0.0.0.0/0"
                ],
                "description": "allow SSH",
                "from_port": 22,
                "ipv6_cidr_blocks": [],
                "prefix_list_ids": [],
                "protocol": "tcp",
                "security_groups": [],
                "self": false,
                "to_port": 22
              }
            ],
            "name": "sg bastion host",
            "name_prefix": "",
            "owner_id": "112088004812",
            "revoke_rules_on_delete": false,
            "tags": {},
            "tags_all": {},
            "timeouts": null,
            "vpc_id": "vpc-0d63f451a47d8e78a"
          },
          "sensitive_attributes": [],
          "private": "eyJlMmJmYjczMC1lY2FhLTExZTYtOGY4OC0zNDM2M2JjN2M0YzAiOnsiY3JlYXRlIjo2MDAwMDAwMDAwMDAsImRlbGV0ZSI6OTAwMDAwMDAwMDAwfSwic2NoZW1hX3ZlcnNpb24iOiIxIn0=",
          "dependencies": [
            "aws_vpc.vpc"
          ]
        }
      ]
    },
    {
      "mode": "managed",
      "type": "aws_security_group",
      "name": "sg_mysql",
      "provider": "provider[\"registry.terraform.io/hashicorp/aws\"]",
      "instances": [
        {
          "schema_version": 1,
          "attributes": {
            "arn": "arn:aws:ec2:us-east-1:112088004812:security-group/sg-0b255623ea110b194",
            "description": "Allow mysql inbound traffic",
            "egress": [
              {
                "cidr_blocks": [
                  "0.0.0.0/0"
                ],
                "description": "",
                "from_port": 0,
                "ipv6_cidr_blocks": [],
                "prefix_list_ids": [],
                "protocol": "-1",
                "security_groups": [],
                "self": false,
                "to_port": 0
              }
            ],
            "id": "sg-0b255623ea110b194",
            "ingress": [
              {
                "cidr_blocks": [],
                "description": "allow SSH",
                "from_port": 22,
                "ipv6_cidr_blocks": [],
                "prefix_list_ids": [],
                "protocol": "tcp",
                "security_groups": [
                  "sg-03c0e0e62f0923c02"
                ],
                "self": false,
                "to_port": 22
              },
              {
                "cidr_blocks": [],
                "description": "allow TCP",
                "from_port": 3306,
                "ipv6_cidr_blocks": [],
                "prefix_list_ids": [],
                "protocol": "tcp",
                "security_groups": [
                  "sg-000ae86d17033f9fe"
                ],
                "self": false,
                "to_port": 3306
              }
            ],
            "name": "sg mysql",
            "name_prefix": "",
            "owner_id": "112088004812",
            "revoke_rules_on_delete": false,
            "tags": {},
            "tags_all": {},
            "timeouts": null,
            "vpc_id": "vpc-0d63f451a47d8e78a"
          },
          "sensitive_attributes": [],
          "private": "eyJlMmJmYjczMC1lY2FhLTExZTYtOGY4OC0zNDM2M2JjN2M0YzAiOnsiY3JlYXRlIjo2MDAwMDAwMDAwMDAsImRlbGV0ZSI6OTAwMDAwMDAwMDAwfSwic2NoZW1hX3ZlcnNpb24iOiIxIn0=",
          "dependencies": [
            "aws_security_group.sg_bastion_host",
            "aws_security_group.sg_webserver",
            "aws_vpc.vpc"
          ]
        }
      ]
    },
    {
      "mode": "managed",
      "type": "aws_security_group",
      "name": "sg_webserver",
      "provider": "provider[\"registry.terraform.io/hashicorp/aws\"]",
      "instances": [
        {
          "schema_version": 1,
          "attributes": {
            "arn": "arn:aws:ec2:us-east-1:112088004812:security-group/sg-000ae86d17033f9fe",
            "description": "Allow http inbound traffic",
            "egress": [
              {
                "cidr_blocks": [
                  "0.0.0.0/0"
                ],
                "description": "",
                "from_port": 0,
                "ipv6_cidr_blocks": [],
                "prefix_list_ids": [],
                "protocol": "-1",
                "security_groups": [],
                "self": false,
                "to_port": 0
              }
            ],
            "id": "sg-000ae86d17033f9fe",
            "ingress": [
              {
                "cidr_blocks": [
                  "0.0.0.0/0"
                ],
                "description": "allow TCP",
                "from_port": 5000,
                "ipv6_cidr_blocks": [],
                "prefix_list_ids": [],
                "protocol": "tcp",
                "security_groups": [],
                "self": false,
                "to_port": 5000
              },
              {
                "cidr_blocks": [],
                "description": "allow SSH",
                "from_port": 22,
                "ipv6_cidr_blocks": [],
                "prefix_list_ids": [],
                "protocol": "tcp",
                "security_groups": [
                  "sg-03c0e0e62f0923c02"
                ],
                "self": false,
                "to_port": 22
              }
            ],
            "name": "sg webserver",
            "name_prefix": "",
            "owner_id": "112088004812",
            "revoke_rules_on_delete": false,
            "tags": {},
            "tags_all": {},
            "timeouts": null,
            "vpc_id": "vpc-0d63f451a47d8e78a"
          },
          "sensitive_attributes": [],
          "private": "eyJlMmJmYjczMC1lY2FhLTExZTYtOGY4OC0zNDM2M2JjN2M0YzAiOnsiY3JlYXRlIjo2MDAwMDAwMDAwMDAsImRlbGV0ZSI6OTAwMDAwMDAwMDAwfSwic2NoZW1hX3ZlcnNpb24iOiIxIn0=",
          "dependencies": [
            "aws_security_group.sg_bastion_host",
            "aws_vpc.vpc"
          ]
        }
      ]
    },
    {
      "mode": "managed",
      "type": "aws_subnet",
      "name": "private_subnet",
      "provider": "provider[\"registry.terraform.io/hashicorp/aws\"]",
      "instances": [
        {
          "schema_version": 1,
          "attributes": {
            "arn": "arn:aws:ec2:us-east-1:112088004812:subnet/subnet-0a6b32ee8fa656e8e",
            "assign_ipv6_address_on_creation": false,
            "availability_zone": "us-east-1c",
            "availability_zone_id": "use1-az2",
            "cidr_block": "10.0.1.0/24",
            "customer_owned_ipv4_pool": "",
            "id": "subnet-0a6b32ee8fa656e8e",
            "ipv6_cidr_block": "",
            "ipv6_cidr_block_association_id": "",
            "map_customer_owned_ip_on_launch": false,
            "map_public_ip_on_launch": false,
            "outpost_arn": "",
            "owner_id": "112088004812",
            "tags": {
              "Name": "private-subnet"
            },
            "tags_all": {
              "Name": "private-subnet"
            },
            "timeouts": null,
            "vpc_id": "vpc-0d63f451a47d8e78a"
          },
          "sensitive_attributes": [],
          "private": "eyJlMmJmYjczMC1lY2FhLTExZTYtOGY4OC0zNDM2M2JjN2M0YzAiOnsiY3JlYXRlIjo2MDAwMDAwMDAwMDAsImRlbGV0ZSI6MTIwMDAwMDAwMDAwMH0sInNjaGVtYV92ZXJzaW9uIjoiMSJ9",
          "dependencies": [
            "aws_vpc.vpc"
          ]
        }
      ]
    },
    {
      "mode": "managed",
      "type": "aws_subnet",
      "name": "public_subnet",
      "provider": "provider[\"registry.terraform.io/hashicorp/aws\"]",
      "instances": [
        {
          "schema_version": 1,
          "attributes": {
            "arn": "arn:aws:ec2:us-east-1:112088004812:subnet/subnet-029a367b65cc77e83",
            "assign_ipv6_address_on_creation": false,
            "availability_zone": "us-east-1b",
            "availability_zone_id": "use1-az1",
            "cidr_block": "10.0.0.0/24",
            "customer_owned_ipv4_pool": "",
            "id": "subnet-029a367b65cc77e83",
            "ipv6_cidr_block": "",
            "ipv6_cidr_block_association_id": "",
            "map_customer_owned_ip_on_launch": false,
            "map_public_ip_on_launch": true,
            "outpost_arn": "",
            "owner_id": "112088004812",
            "tags": {
              "Name": "public-subnet"
            },
            "tags_all": {
              "Name": "public-subnet"
            },
            "timeouts": null,
            "vpc_id": "vpc-0d63f451a47d8e78a"
          },
          "sensitive_attributes": [],
          "private": "eyJlMmJmYjczMC1lY2FhLTExZTYtOGY4OC0zNDM2M2JjN2M0YzAiOnsiY3JlYXRlIjo2MDAwMDAwMDAwMDAsImRlbGV0ZSI6MTIwMDAwMDAwMDAwMH0sInNjaGVtYV92ZXJzaW9uIjoiMSJ9",
          "dependencies": [
            "aws_vpc.vpc"
          ]
        }
      ]
    },
    {
      "mode": "managed",
      "type": "aws_vpc",
      "name": "vpc",
      "provider": "provider[\"registry.terraform.io/hashicorp/aws\"]",
      "instances": [
        {
          "schema_version": 1,
          "attributes": {
            "arn": "arn:aws:ec2:us-east-1:112088004812:vpc/vpc-0d63f451a47d8e78a",
            "assign_generated_ipv6_cidr_block": false,
            "cidr_block": "10.0.0.0/16",
            "default_network_acl_id": "acl-065f70a358f85351f",
            "default_route_table_id": "rtb-099b7f27c15697fed",
            "default_security_group_id": "sg-0d3b499219967715f",
            "dhcp_options_id": "dopt-3ef5fe44",
            "enable_classiclink": false,
            "enable_classiclink_dns_support": false,
            "enable_dns_hostnames": true,
            "enable_dns_support": true,
            "id": "vpc-0d63f451a47d8e78a",
            "instance_tenancy": "default",
            "ipv6_association_id": "",
            "ipv6_cidr_block": "",
            "main_route_table_id": "rtb-099b7f27c15697fed",
            "owner_id": "112088004812",
            "tags": {
              "Name": "my-vpc"
            },
            "tags_all": {
              "Name": "my-vpc"
            }
          },
          "sensitive_attributes": [],
          "private": "eyJzY2hlbWFfdmVyc2lvbiI6IjEifQ=="
        }
      ]
    },
    {
      "mode": "managed",
      "type": "local_file",
      "name": "saveKey",
      "provider": "provider[\"registry.terraform.io/hashicorp/local\"]",
      "instances": [
        {
          "schema_version": 0,
          "attributes": {
            "content": "-----BEGIN RSA PRIVATE KEY-----\nMIIJKAIBAAKCAgEAsmA2nOLhbMtEdvrUDeCbTW6k0WEC9wQZpj+a73kfhpjVHrze\ncWP/BlSYpJpXqR6vRBSHdcJTt582Ln0C74lThwqd8r0a6H5qzIbHtc2L56hDP6MB\nCCMTJ1y9tnkEJG92PRxneJm0jlho7yNIfO1mnS5elDaL3tg8a5ysp+52bZgXYcm8\nzl6SEZXVmsypeeowJp17lWtXa8x06AKtVPR+b+Np2LRVyaXMtlobqcAjBbVDrals\n8pGqs2iVWLE3G2bxc7MNWPVREGORqCufWItnFYvg6EddrBBDz1ifpPDbfcieaaLm\nQD9GgQs0Fj6wu+n+D53qBQsFvFRj7mvjiCplKectAsp9aGLbIrHFckfHKBuYrBxf\nhpINH+qBqhC7rWgtKNHRJ6Z1Y3MOSYp/A7G5pDX1WDjb5R7QjwtB8c5Bi6vJ+wma\n45/GLL1rDIjH7q7NKZ1wowttoYmaV41/xrvTRBaS/Sulc+cjOKXpTA0e1mvko0p/\nS7/wz8eRyAZsBOrDpI1pUg6aDAZ/zwaTs99Xbwe2mz+KvorSqTmXza6fhOL2YOch\n6PRxBCe1IGtBK4AB0QMxW+Xq360OMi/1LtDCu9HvQOyEttUn/UJfU8aaexWjmRcF\n9VxCvnVumjVI8+CR7JRhjQ581rk4hiubiA1USKqzDz6lZaiqEhesbGb1ddkCAwEA\nAQKCAgASbdRWoy4tIlchf8q24FTLTDolE8PNp5PK1Fl6kmYKbvHd6h+FUZKAoe7f\nWr7hzzTGcOSJ6xjhKMbdSLcr7mE923/0G0uTZ7Q7C1XI18KznXPNOFcb8xvAfllv\nZ9NgvE9YAv5BvIemCUZWJqwPlCt849SLtZL/5BFiAN7pvr5nlkYcKU6jd6vZu0RF\naQ29dc+hvbWN+3gdwBL4AYbM9zG096bw57jRS5r54Bdpk1tK9K5YW9/Qs/IR9SUw\n86ZA44LgtEgVv8qvSco7uL4O1OBCnqAO/4iTBV8sJfjgfq3+seKEAXuOebscC/9G\nqRVzZLqF/Ie4G6ptCb8FXAo3AEJRRNQF+CewYDsBLnYqepzp/xqDta1KfRuPMJSl\nFs+EmuTUoG8sbtJUZ4KbPZnVDSzBYzy3QoGSqKtbbfmvjuW7mKwR9jljb4E2TEl/\n5L54LkIW1S4kXFRZrHxhODl2wdfwmpcFzWZt77WxLj5qnYk8KDs5oC57aGFknn+D\nMI2MI6bzZsrdb1Vq894BK9m8HWiJmoNOnQPP6O9Pp5/igRZnhGUAYRc4V+Pxk4H0\npXlGDPJYQhE+NsROJCvwINjz1JT8jxUV6FwBPLx8aVaiuHScAmAiNK/qDWDAMEsj\n4cHzsFlLioc/yyEyiGfg4BDcsV2GB3AB1EAdIw7WPqEOQ5r1rQKCAQEA1I0MtV8A\nFg/1UE9ewkx3eEroJWjd4V5xd/gCdYQEcjxx0e4efOSea6M/RT4ajn+Ky26bEBgJ\nNKc6WEXAzKl3+KF458xp/U4g04aodxGoaghfdJKAJyCBoQbSevKhKSwxzN8n0HJu\nNPrS7a8XJlJBRriWJbvxrqIH4QmqGZTE4q1gsxN8bL38s2Z7O4RYrnsK+7nx3A1P\neeNECpOk+P+gEDsHSxuv0xfEei43LLfUleeAwzKm0VH5tWOv2W/wfPQ5OElIth1f\ncGxuwWnpU4XgbvZzTes9WcfozBTflbhHM2lL/J8MeWpEEIavnZaoWAavBm490Y2X\neSFWCmRhe+nxGwKCAQEA1tbAzcmVVSw3MXgocBCdWuGtuecwaCoJ5oCEgMQ3LhGz\nqZP70POq6NSvmS9rKPsqPbg2D9FjX2eFkp3qSFw1LsQkISaLJNhjuTPlGYZMcRHg\nm4qPO4kzsD1nVRFwTuleyrfwj+7hBEDwZyTP/jVJDqlkKbY/dKzsbW0/O1c+K+NV\n0k9SqCQv8UCvLmx6t7LNHTsdwBqucUMn+XWUPMFBdgtJC8NS6U5N88riddphdGP+\nfiuwR0dPvK6ecAm8ZdkhA60doDt/vqa3/HBUEEZhS+Sqf916rG+CLdstkHxkc4Bs\nHx8VJ5R+thAyblh6JYKN/4lkakJwQ2waLUsvTXOYGwKCAQEAo+25HHUNivZ525ur\nWK1DAwq6qoeLgNKnLsCfnOTZzQUjP6an6ukj6Z45IP053Ccv85/1hd8T0oEbNZNu\nlCor9h0LM7NrF0rXdGyJp3N98XFNtYl7vzGJ6JhrYxmYBDoqmniNq21l5ASDA3+j\nmhGceJ/KZYXjay1aaExc3WfoxW60gsiHkRKiP/bNGmUDRGZvXR/XEkFNx5LpGkMu\n3D/CwmHUSTAsVeEhzp2wPhP1qDupCmMZV50iuqwMpuV3k9eD/g4/Pv2+auWmMhOu\nOZWqN8ppuXGxmnnc6PE8U6uRdmxCh65fH5E+t4Q5E5Bre6CEArCpiuHqLijwxAkR\nSlFuewKCAQANfHmp8WeQazAjyNkw/7oBBH21V8/wGgN5FsQ6mRalq7LNiF6cZU9r\nQj6rrRBbCDlEmpW6NHi6enMmGwej9zXXc7SY6CR/8Z2A+ML+8TFHP8oLuYz4Pcqi\n25fq/SdBrOCodReC0YoKjFELCIKOAKZPZ07EV45wMpK848i+XuGmO6UdiKE1sN/Z\nkyfsEB87/NtnZFifwI0GyyJtRHZDwhXr5RV2yZIg1yuJjEjfARBxD/3fybpNHyrg\nO03y1omfExxBcNKVRmbkfu65yAte4iwlaXtSf4K95FoVqtaXZVeg8ITZB0h6rZWu\ntCGWT7OLO0DSs7s7+GO3t8eE5F1ZzVHVAoIBAHEOVedr40mALnVYceYSlAmwZlm8\nZAhO/V4FuJmmocHgljvapd90tL/MMnmctLs4cdLuOL7Ln85JjbqpQPc5RqXft3cF\nOKfFqaZGdLMe7fYteQImDiozzfGDb+vkFzhLhtJsMekCjWlht5yu6EtS4iJ37vAy\nuwzgjJFLptz7ywupknCICnUvfj82jRrx0xpV6NHEkc15ycVkQo8llncEW4y4vmZV\nWvMB8Bhw5Q+oQhyBNudJpvDUbvbvBUznMRj/oBNGN2m1ZR4t97SMaXK2edX4oc5c\nnUblwocaSG6wW/1aLFmGqB6VH/eNXOuD5eYSPdTl+CuwZrWjPvg7C7kS+24=\n-----END RSA PRIVATE KEY-----\n",
            "content_base64": null,
            "directory_permission": "0777",
            "file_permission": "0777",
            "filename": "/home/cloudshell-user/My_project_terrafrom/ec2Key.pem",
            "id": "de4392e9556ad288da78b86d91beba1b5c5dccf3",
            "sensitive_content": null,
            "source": null
          },
          "sensitive_attributes": [
            [
              {
                "type": "get_attr",
                "value": "content"
              }
            ]
          ],
          "private": "bnVsbA==",
          "dependencies": [
            "tls_private_key.private_key"
          ]
        }
      ]
    },
    {
      "mode": "managed",
      "type": "tls_private_key",
      "name": "private_key",
      "provider": "provider[\"registry.terraform.io/hashicorp/tls\"]",
      "instances": [
        {
          "schema_version": 0,
          "attributes": {
            "algorithm": "RSA",
            "ecdsa_curve": "P224",
            "id": "2a41f5c8922568bb6a223443f188451b243f99b2",
            "private_key_pem": "-----BEGIN RSA PRIVATE KEY-----\nMIIJKAIBAAKCAgEAsmA2nOLhbMtEdvrUDeCbTW6k0WEC9wQZpj+a73kfhpjVHrze\ncWP/BlSYpJpXqR6vRBSHdcJTt582Ln0C74lThwqd8r0a6H5qzIbHtc2L56hDP6MB\nCCMTJ1y9tnkEJG92PRxneJm0jlho7yNIfO1mnS5elDaL3tg8a5ysp+52bZgXYcm8\nzl6SEZXVmsypeeowJp17lWtXa8x06AKtVPR+b+Np2LRVyaXMtlobqcAjBbVDrals\n8pGqs2iVWLE3G2bxc7MNWPVREGORqCufWItnFYvg6EddrBBDz1ifpPDbfcieaaLm\nQD9GgQs0Fj6wu+n+D53qBQsFvFRj7mvjiCplKectAsp9aGLbIrHFckfHKBuYrBxf\nhpINH+qBqhC7rWgtKNHRJ6Z1Y3MOSYp/A7G5pDX1WDjb5R7QjwtB8c5Bi6vJ+wma\n45/GLL1rDIjH7q7NKZ1wowttoYmaV41/xrvTRBaS/Sulc+cjOKXpTA0e1mvko0p/\nS7/wz8eRyAZsBOrDpI1pUg6aDAZ/zwaTs99Xbwe2mz+KvorSqTmXza6fhOL2YOch\n6PRxBCe1IGtBK4AB0QMxW+Xq360OMi/1LtDCu9HvQOyEttUn/UJfU8aaexWjmRcF\n9VxCvnVumjVI8+CR7JRhjQ581rk4hiubiA1USKqzDz6lZaiqEhesbGb1ddkCAwEA\nAQKCAgASbdRWoy4tIlchf8q24FTLTDolE8PNp5PK1Fl6kmYKbvHd6h+FUZKAoe7f\nWr7hzzTGcOSJ6xjhKMbdSLcr7mE923/0G0uTZ7Q7C1XI18KznXPNOFcb8xvAfllv\nZ9NgvE9YAv5BvIemCUZWJqwPlCt849SLtZL/5BFiAN7pvr5nlkYcKU6jd6vZu0RF\naQ29dc+hvbWN+3gdwBL4AYbM9zG096bw57jRS5r54Bdpk1tK9K5YW9/Qs/IR9SUw\n86ZA44LgtEgVv8qvSco7uL4O1OBCnqAO/4iTBV8sJfjgfq3+seKEAXuOebscC/9G\nqRVzZLqF/Ie4G6ptCb8FXAo3AEJRRNQF+CewYDsBLnYqepzp/xqDta1KfRuPMJSl\nFs+EmuTUoG8sbtJUZ4KbPZnVDSzBYzy3QoGSqKtbbfmvjuW7mKwR9jljb4E2TEl/\n5L54LkIW1S4kXFRZrHxhODl2wdfwmpcFzWZt77WxLj5qnYk8KDs5oC57aGFknn+D\nMI2MI6bzZsrdb1Vq894BK9m8HWiJmoNOnQPP6O9Pp5/igRZnhGUAYRc4V+Pxk4H0\npXlGDPJYQhE+NsROJCvwINjz1JT8jxUV6FwBPLx8aVaiuHScAmAiNK/qDWDAMEsj\n4cHzsFlLioc/yyEyiGfg4BDcsV2GB3AB1EAdIw7WPqEOQ5r1rQKCAQEA1I0MtV8A\nFg/1UE9ewkx3eEroJWjd4V5xd/gCdYQEcjxx0e4efOSea6M/RT4ajn+Ky26bEBgJ\nNKc6WEXAzKl3+KF458xp/U4g04aodxGoaghfdJKAJyCBoQbSevKhKSwxzN8n0HJu\nNPrS7a8XJlJBRriWJbvxrqIH4QmqGZTE4q1gsxN8bL38s2Z7O4RYrnsK+7nx3A1P\neeNECpOk+P+gEDsHSxuv0xfEei43LLfUleeAwzKm0VH5tWOv2W/wfPQ5OElIth1f\ncGxuwWnpU4XgbvZzTes9WcfozBTflbhHM2lL/J8MeWpEEIavnZaoWAavBm490Y2X\neSFWCmRhe+nxGwKCAQEA1tbAzcmVVSw3MXgocBCdWuGtuecwaCoJ5oCEgMQ3LhGz\nqZP70POq6NSvmS9rKPsqPbg2D9FjX2eFkp3qSFw1LsQkISaLJNhjuTPlGYZMcRHg\nm4qPO4kzsD1nVRFwTuleyrfwj+7hBEDwZyTP/jVJDqlkKbY/dKzsbW0/O1c+K+NV\n0k9SqCQv8UCvLmx6t7LNHTsdwBqucUMn+XWUPMFBdgtJC8NS6U5N88riddphdGP+\nfiuwR0dPvK6ecAm8ZdkhA60doDt/vqa3/HBUEEZhS+Sqf916rG+CLdstkHxkc4Bs\nHx8VJ5R+thAyblh6JYKN/4lkakJwQ2waLUsvTXOYGwKCAQEAo+25HHUNivZ525ur\nWK1DAwq6qoeLgNKnLsCfnOTZzQUjP6an6ukj6Z45IP053Ccv85/1hd8T0oEbNZNu\nlCor9h0LM7NrF0rXdGyJp3N98XFNtYl7vzGJ6JhrYxmYBDoqmniNq21l5ASDA3+j\nmhGceJ/KZYXjay1aaExc3WfoxW60gsiHkRKiP/bNGmUDRGZvXR/XEkFNx5LpGkMu\n3D/CwmHUSTAsVeEhzp2wPhP1qDupCmMZV50iuqwMpuV3k9eD/g4/Pv2+auWmMhOu\nOZWqN8ppuXGxmnnc6PE8U6uRdmxCh65fH5E+t4Q5E5Bre6CEArCpiuHqLijwxAkR\nSlFuewKCAQANfHmp8WeQazAjyNkw/7oBBH21V8/wGgN5FsQ6mRalq7LNiF6cZU9r\nQj6rrRBbCDlEmpW6NHi6enMmGwej9zXXc7SY6CR/8Z2A+ML+8TFHP8oLuYz4Pcqi\n25fq/SdBrOCodReC0YoKjFELCIKOAKZPZ07EV45wMpK848i+XuGmO6UdiKE1sN/Z\nkyfsEB87/NtnZFifwI0GyyJtRHZDwhXr5RV2yZIg1yuJjEjfARBxD/3fybpNHyrg\nO03y1omfExxBcNKVRmbkfu65yAte4iwlaXtSf4K95FoVqtaXZVeg8ITZB0h6rZWu\ntCGWT7OLO0DSs7s7+GO3t8eE5F1ZzVHVAoIBAHEOVedr40mALnVYceYSlAmwZlm8\nZAhO/V4FuJmmocHgljvapd90tL/MMnmctLs4cdLuOL7Ln85JjbqpQPc5RqXft3cF\nOKfFqaZGdLMe7fYteQImDiozzfGDb+vkFzhLhtJsMekCjWlht5yu6EtS4iJ37vAy\nuwzgjJFLptz7ywupknCICnUvfj82jRrx0xpV6NHEkc15ycVkQo8llncEW4y4vmZV\nWvMB8Bhw5Q+oQhyBNudJpvDUbvbvBUznMRj/oBNGN2m1ZR4t97SMaXK2edX4oc5c\nnUblwocaSG6wW/1aLFmGqB6VH/eNXOuD5eYSPdTl+CuwZrWjPvg7C7kS+24=\n-----END RSA PRIVATE KEY-----\n",
            "public_key_fingerprint_md5": "c6:53:8a:8c:72:4c:41:99:f4:ed:2c:07:36:f5:e5:49",
            "public_key_openssh": "ssh-rsa AAAAB3NzaC1yc2EAAAADAQABAAACAQCyYDac4uFsy0R2+tQN4JtNbqTRYQL3BBmmP5rveR+GmNUevN5xY/8GVJikmlepHq9EFId1wlO3nzYufQLviVOHCp3yvRrofmrMhse1zYvnqEM/owEIIxMnXL22eQQkb3Y9HGd4mbSOWGjvI0h87WadLl6UNove2DxrnKyn7nZtmBdhybzOXpIRldWazKl56jAmnXuVa1drzHToAq1U9H5v42nYtFXJpcy2WhupwCMFtUOtqWzykaqzaJVYsTcbZvFzsw1Y9VEQY5GoK59Yi2cVi+DoR12sEEPPWJ+k8Nt9yJ5pouZAP0aBCzQWPrC76f4PneoFCwW8VGPua+OIKmUp5y0Cyn1oYtsiscVyR8coG5isHF+Gkg0f6oGqELutaC0o0dEnpnVjcw5Jin8DsbmkNfVYONvlHtCPC0HxzkGLq8n7CZrjn8YsvWsMiMfurs0pnXCjC22hiZpXjX/Gu9NEFpL9K6Vz5yM4pelMDR7Wa+SjSn9Lv/DPx5HIBmwE6sOkjWlSDpoMBn/PBpOz31dvB7abP4q+itKpOZfNrp+E4vZg5yHo9HEEJ7Uga0ErgAHRAzFb5erfrQ4yL/Uu0MK70e9A7IS21Sf9Ql9Txpp7FaOZFwX1XEK+dW6aNUjz4JHslGGNDnzWuTiGK5uIDVRIqrMPPqVlqKoSF6xsZvV12Q==\n",
            "public_key_pem": "-----BEGIN PUBLIC KEY-----\nMIICIjANBgkqhkiG9w0BAQEFAAOCAg8AMIICCgKCAgEAsmA2nOLhbMtEdvrUDeCb\nTW6k0WEC9wQZpj+a73kfhpjVHrzecWP/BlSYpJpXqR6vRBSHdcJTt582Ln0C74lT\nhwqd8r0a6H5qzIbHtc2L56hDP6MBCCMTJ1y9tnkEJG92PRxneJm0jlho7yNIfO1m\nnS5elDaL3tg8a5ysp+52bZgXYcm8zl6SEZXVmsypeeowJp17lWtXa8x06AKtVPR+\nb+Np2LRVyaXMtlobqcAjBbVDrals8pGqs2iVWLE3G2bxc7MNWPVREGORqCufWItn\nFYvg6EddrBBDz1ifpPDbfcieaaLmQD9GgQs0Fj6wu+n+D53qBQsFvFRj7mvjiCpl\nKectAsp9aGLbIrHFckfHKBuYrBxfhpINH+qBqhC7rWgtKNHRJ6Z1Y3MOSYp/A7G5\npDX1WDjb5R7QjwtB8c5Bi6vJ+wma45/GLL1rDIjH7q7NKZ1wowttoYmaV41/xrvT\nRBaS/Sulc+cjOKXpTA0e1mvko0p/S7/wz8eRyAZsBOrDpI1pUg6aDAZ/zwaTs99X\nbwe2mz+KvorSqTmXza6fhOL2YOch6PRxBCe1IGtBK4AB0QMxW+Xq360OMi/1LtDC\nu9HvQOyEttUn/UJfU8aaexWjmRcF9VxCvnVumjVI8+CR7JRhjQ581rk4hiubiA1U\nSKqzDz6lZaiqEhesbGb1ddkCAwEAAQ==\n-----END PUBLIC KEY-----\n",
            "rsa_bits": 4096
          },
          "sensitive_attributes": [],
          "private": "bnVsbA=="
        }
      ]
    }
  ]
}
